
Microsoft Visual Studio Solution File, Format Version 12.00
# Visual Studio Version 17
VisualStudioVersion = 17.2.32602.215
MinimumVisualStudioVersion = 10.0.40219.1
Project("{FAE04EC0-301F-11D3-BF4B-00C04F79EFBC}") = "backend", "backend.csproj", "{0248D795-4542-4AA4-9B83-901CFF16E435}"
EndProject
Global
	GlobalSection(SolutionConfigurationPlatforms) = preSolution
		Debug|Any CPU = Debug|Any CPU
		Release|Any CPU = Release|Any CPU
	EndGlobalSection
	GlobalSection(ProjectConfigurationPlatforms) = postSolution
		{0248D795-4542-4AA4-9B83-901CFF16E435}.Debug|Any CPU.ActiveCfg = Debug|Any CPU
		{0248D795-4542-4AA4-9B83-901CFF16E435}.Debug|Any CPU.Build.0 = Debug|Any CPU
		{0248D795-4542-4AA4-9B83-901CFF16E435}.Release|Any CPU.ActiveCfg = Release|Any CPU
		{0248D795-4542-4AA4-9B83-901CFF16E435}.Release|Any CPU.Build.0 = Release|Any CPU
	EndGlobalSection
	GlobalSection(SolutionProperties) = preSolution
		HideSolutionNode = FALSE
	EndGlobalSection
	GlobalSection(ExtensibilityGlobals) = postSolution
		SolutionGuid = {1E8FF686-121C-4DD0-B051-7166CD902AFE}
	EndGlobalSection
EndGlobal
